// !$*UTF8*$!
{
	archiveVersion = 1;
	classes = {
	};
	objectVersion = 50;
	objects = {

/* Begin PBXBuildFile section */
		AFF2FAA1462FEF7E00217845 /* Pods_YoutubePlayer.framework in Frameworks */ = {isa = PBXBuildFile; fileRef = C879BE7E24F2E4758685C276 /* Pods_YoutubePlayer.framework */; };
		C04687C12486FD440026AB89 /* WebKit.framework in Frameworks */ = {isa = PBXBuildFile; fileRef = C04687C02486FD440026AB89 /* WebKit.framework */; };
		C0D434CD224382120049E16E /* AppDelegate.swift in Sources */ = {isa = PBXBuildFile; fileRef = C0D434CC224382120049E16E /* AppDelegate.swift */; };
		C0D434CF224382120049E16E /* ViewController.swift in Sources */ = {isa = PBXBuildFile; fileRef = C0D434CE224382120049E16E /* ViewController.swift */; };
		C0D434D2224382120049E16E /* Main.storyboard in Resources */ = {isa = PBXBuildFile; fileRef = C0D434D0224382120049E16E /* Main.storyboard */; };
		C0D434D4224382130049E16E /* Assets.xcassets in Resources */ = {isa = PBXBuildFile; fileRef = C0D434D3224382130049E16E /* Assets.xcassets */; };
		C0D434D7224382130049E16E /* LaunchScreen.storyboard in Resources */ = {isa = PBXBuildFile; fileRef = C0D434D5224382130049E16E /* LaunchScreen.storyboard */; };
		C0D434DF224382780049E16E /* YoutubeVideoCell.swift in Sources */ = {isa = PBXBuildFile; fileRef = C0D434DE224382780049E16E /* YoutubeVideoCell.swift */; };
/* End PBXBuildFile section */

/* Begin PBXFileReference section */
		6FBAF4C1CD9878DB4CC342D1 /* Pods-YoutubePlayer.release.xcconfig */ = {isa = PBXFileReference; includeInIndex = 1; lastKnownFileType = text.xcconfig; name = "Pods-YoutubePlayer.release.xcconfig"; path = "Pods/Target Support Files/Pods-YoutubePlayer/Pods-YoutubePlayer.release.xcconfig"; sourceTree = "<group>"; };
		C04687C02486FD440026AB89 /* WebKit.framework */ = {isa = PBXFileReference; lastKnownFileType = wrapper.framework; name = WebKit.framework; path = System/Library/Frameworks/WebKit.framework; sourceTree = SDKROOT; };
		C0D434C9224382120049E16E /* YoutubePlayer.app */ = {isa = PBXFileReference; explicitFileType = wrapper.application; includeInIndex = 0; path = YoutubePlayer.app; sourceTree = BUILT_PRODUCTS_DIR; };
		C0D434CC224382120049E16E /* AppDelegate.swift */ = {isa = PBXFileReference; lastKnownFileType = sourcecode.swift; path = AppDelegate.swift; sourceTree = "<group>"; };
		C0D434CE224382120049E16E /* ViewController.swift */ = {isa = PBXFileReference; lastKnownFileType = sourcecode.swift; path = ViewController.swift; sourceTree = "<group>"; };
		C0D434D1224382120049E16E /* Base */ = {isa = PBXFileReference; lastKnownFileType = file.storyboard; name = Base; path = Base.lproj/Main.storyboard; sourceTree = "<group>"; };
		C0D434D3224382130049E16E /* Assets.xcassets */ = {isa = PBXFileReference; lastKnownFileType = folder.assetcatalog; path = Assets.xcassets; sourceTree = "<group>"; };
		C0D434D6224382130049E16E /* Base */ = {isa = PBXFileReference; lastKnownFileType = file.storyboard; name = Base; path = Base.lproj/LaunchScreen.storyboard; sourceTree = "<group>"; };
		C0D434D8224382130049E16E /* Info.plist */ = {isa = PBXFileReference; lastKnownFileType = text.plist.xml; path = Info.plist; sourceTree = "<group>"; };
		C0D434DE224382780049E16E /* YoutubeVideoCell.swift */ = {isa = PBXFileReference; fileEncoding = 4; lastKnownFileType = sourcecode.swift; path = YoutubeVideoCell.swift; sourceTree = "<group>"; };
		C879BE7E24F2E4758685C276 /* Pods_YoutubePlayer.framework */ = {isa = PBXFileReference; explicitFileType = wrapper.framework; includeInIndex = 0; path = Pods_YoutubePlayer.framework; sourceTree = BUILT_PRODUCTS_DIR; };
		D7FECC7A02C7088242F7BB23 /* Pods-YoutubePlayer.debug.xcconfig */ = {isa = PBXFileReference; includeInIndex = 1; lastKnownFileType = text.xcconfig; name = "Pods-YoutubePlayer.debug.xcconfig"; path = "Pods/Target Support Files/Pods-YoutubePlayer/Pods-YoutubePlayer.debug.xcconfig"; sourceTree = "<group>"; };
/* End PBXFileReference section */

/* Begin PBXFrameworksBuildPhase section */
		C0D434C6224382120049E16E /* Frameworks */ = {
			isa = PBXFrameworksBuildPhase;
			buildActionMask = 2147483647;
			files = (
				C04687C12486FD440026AB89 /* WebKit.framework in Frameworks */,
				AFF2FAA1462FEF7E00217845 /* Pods_YoutubePlayer.framework in Frameworks */,
			);
			runOnlyForDeploymentPostprocessing = 0;
		};
/* End PBXFrameworksBuildPhase section */

/* Begin PBXGroup section */
		3BD1B8FE2D087CD9202A84E5 /* Frameworks */ = {
			isa = PBXGroup;
			children = (
				C04687C02486FD440026AB89 /* WebKit.framework */,
				C879BE7E24F2E4758685C276 /* Pods_YoutubePlayer.framework */,
			);
			name = Frameworks;
			sourceTree = "<group>";
		};
		C0D434C0224382120049E16E = {
			isa = PBXGroup;
			children = (
				C0D434CB224382120049E16E /* YoutubePlayer */,
				C0D434CA224382120049E16E /* Products */,
				EF7B832984CE5B82B4332E0B /* Pods */,
				3BD1B8FE2D087CD9202A84E5 /* Frameworks */,
			);
			sourceTree = "<group>";
		};
		C0D434CA224382120049E16E /* Products */ = {
			isa = PBXGroup;
			children = (
				C0D434C9224382120049E16E /* YoutubePlayer.app */,
			);
			name = Products;
			sourceTree = "<group>";
		};
		C0D434CB224382120049E16E /* YoutubePlayer */ = {
			isa = PBXGroup;
			children = (
				C0D434CC224382120049E16E /* AppDelegate.swift */,
				C0D434CE224382120049E16E /* ViewController.swift */,
				C0D434DE224382780049E16E /* YoutubeVideoCell.swift */,
				C0D434D0224382120049E16E /* Main.storyboard */,
				C0D434D3224382130049E16E /* Assets.xcassets */,
				C0D434D5224382130049E16E /* LaunchScreen.storyboard */,
				C0D434D8224382130049E16E /* Info.plist */,
			);
			path = YoutubePlayer;
			sourceTree = "<group>";
		};
		EF7B832984CE5B82B4332E0B /* Pods */ = {
			isa = PBXGroup;
			children = (
				D7FECC7A02C7088242F7BB23 /* Pods-YoutubePlayer.debug.xcconfig */,
				6FBAF4C1CD9878DB4CC342D1 /* Pods-YoutubePlayer.release.xcconfig */,
			);
			name = Pods;
			sourceTree = "<group>";
		};
/* End PBXGroup section */

/* Begin PBXNativeTarget section */
		C0D434C8224382120049E16E /* YoutubePlayer */ = {
			isa = PBXNativeTarget;
			buildConfigurationList = C0D434DB224382130049E16E /* Build configuration list for PBXNativeTarget "YoutubePlayer" */;
			buildPhases = (
				C9DECBAF923990020D686D27 /* [CP] Check Pods Manifest.lock */,
				C0D434C5224382120049E16E /* Sources */,
				C0D434C6224382120049E16E /* Frameworks */,
				C0D434C7224382120049E16E /* Resources */,
				7EB52A86479B56BD2B85D23D /* [CP] Embed Pods Frameworks */,
			);
			buildRules = (
			);
			dependencies = (
			);
			name = YoutubePlayer;
			productName = YoutubePlayer;
			productReference = C0D434C9224382120049E16E /* YoutubePlayer.app */;
			productType = "com.apple.product-type.application";
		};
/* End PBXNativeTarget section */

/* Begin PBXProject section */
		C0D434C1224382120049E16E /* Project object */ = {
			isa = PBXProject;
			attributes = {
				LastSwiftUpdateCheck = 1010;
				LastUpgradeCheck = 1010;
				ORGANIZATIONNAME = "atif.gcucs@gmail.com";
				TargetAttributes = {
					C0D434C8224382120049E16E = {
						CreatedOnToolsVersion = 10.1;
					};
				};
			};
			buildConfigurationList = C0D434C4224382120049E16E /* Build configuration list for PBXProject "YoutubePlayer" */;
			compatibilityVersion = "Xcode 9.3";
			developmentRegion = en;
			hasScannedForEncodings = 0;
			knownRegions = (
				en,
				Base,
			);
			mainGroup = C0D434C0224382120049E16E;
			productRefGroup = C0D434CA224382120049E16E /* Products */;
			projectDirPath = "";
			projectRoot = "";
			targets = (
				C0D434C8224382120049E16E /* YoutubePlayer */,
			);
		};
/* End PBXProject section */

/* Begin PBXResourcesBuildPhase section */
		C0D434C7224382120049E16E /* Resources */ = {
			isa = PBXResourcesBuildPhase;
			buildActionMask = 2147483647;
			files = (
				C0D434D7224382130049E16E /* LaunchScreen.storyboard in Resources */,
				C0D434D4224382130049E16E /* Assets.xcassets in Resources */,
				C0D434D2224382120049E16E /* Main.storyboard in Resources */,
			);
			runOnlyForDeploymentPostprocessing = 0;
		};
/* End PBXResourcesBuildPhase section */

/* Begin PBXShellScriptBuildPhase section */
		7EB52A86479B56BD2B85D23D /* [CP] Embed Pods Frameworks */ = {
			isa = PBXShellScriptBuildPhase;
			buildActionMask = 2147483647;
			files = (
			);
			inputPaths = (
				"${SRCROOT}/Pods/Target Support Files/Pods-YoutubePlayer/Pods-YoutubePlayer-frameworks.sh",
				"${BUILT_PRODUCTS_DIR}/NVActivityIndicatorView/NVActivityIndicatorView.framework",
			);
			name = "[CP] Embed Pods Frameworks";
			outputPaths = (
				"${TARGET_BUILD_DIR}/${FRAMEWORKS_FOLDER_PATH}/NVActivityIndicatorView.framework",
			);
			runOnlyForDeploymentPostprocessing = 0;
			shellPath = /bin/sh;
			shellScript = "\"${SRCROOT}/Pods/Target Support Files/Pods-YoutubePlayer/Pods-YoutubePlayer-frameworks.sh\"\n";
			showEnvVarsInLog = 0;
		};
		C9DECBAF923990020D686D27 /* [CP] Check Pods Manifest.lock */ = {
			isa = PBXShellScriptBuildPhase;
			buildActionMask = 2147483647;
			files = (
			);
			inputPaths = (
				"${PODS_PODFILE_DIR_PATH}/Podfile.lock",
				"${PODS_ROOT}/Manifest.lock",
			);
			name = "[CP] Check Pods Manifest.lock";
			outputPaths = (
				"$(DERIVED_FILE_DIR)/Pods-YoutubePlayer-checkManifestLockResult.txt",
			);
			runOnlyForDeploymentPostprocessing = 0;
			shellPath = /bin/sh;
			shellScript = "diff \"${PODS_PODFILE_DIR_PATH}/Podfile.lock\" \"${PODS_ROOT}/Manifest.lock\" > /dev/null\nif [ $? != 0 ] ; then\n    # print error to STDERR\n    echo \"error: The sandbox is not in sync with the Podfile.lock. Run 'pod install' or update your CocoaPods installation.\" >&2\n    exit 1\nfi\n# This output is used by Xcode 'outputs' to avoid re-running this script phase.\necho \"SUCCESS\" > \"${SCRIPT_OUTPUT_FILE_0}\"\n";
			showEnvVarsInLog = 0;
		};
/* End PBXShellScriptBuildPhase section */

/* Begin PBXSourcesBuildPhase section */
		C0D434C5224382120049E16E /* Sources */ = {
			isa = PBXSourcesBuildPhase;
			buildActionMask = 2147483647;
			files = (
				C0D434DF224382780049E16E /* YoutubeVideoCell.swift in Sources */,
				C0D434CF224382120049E16E /* ViewController.swift in Sources */,
				C0D434CD224382120049E16E /* AppDelegate.swift in Sources */,
			);
			runOnlyForDeploymentPostprocessing = 0;
		};
/* End PBXSourcesBuildPhase section */

/* Begin PBXVariantGroup section */
		C0D434D0224382120049E16E /* Main.storyboard */ = {
			isa = PBXVariantGroup;
			children = (
				C0D434D1224382120049E16E /* Base */,
			);
			name = Main.storyboard;
			sourceTree = "<group>";
		};
		C0D434D5224382130049E16E /* LaunchScreen.storyboard */ = {
			isa = PBXVariantGroup;
			children = (
				C0D434D6224382130049E16E /* Base */,
			);
			name = LaunchScreen.storyboard;
			sourceTree = "<group>";
		};
/* End PBXVariantGroup section */

/* Begin XCBuildConfiguration section */
		C0D434D9224382130049E16E /* Debug */ = {
			isa = XCBuildConfiguration;
			buildSettings = {
				ALWAYS_SEARCH_USER_PATHS = NO;
				CLANG_ANALYZER_NONNULL = YES;
				CLANG_ANALYZER_NUMBER_OBJECT_CONVERSION = YES_AGGRESSIVE;
				CLANG_CXX_LANGUAGE_STANDARD = "gnu++14";
				CLANG_CXX_LIBRARY = "libc++";
				CLANG_ENABLE_MODULES = YES;
				CLANG_ENABLE_OBJC_ARC = YES;
				CLANG_ENABLE_OBJC_WEAK = YES;
				CLANG_WARN_BLOCK_CAPTURE_AUTORELEASING = YES;
				CLANG_WARN_BOOL_CONVERSION = YES;
				CLANG_WARN_COMMA = YES;
				CLANG_WARN_CONSTANT_CONVERSION = YES;
				CLANG_WARN_DEPRECATED_OBJC_IMPLEMENTATIONS = YES;
				CLANG_WARN_DIRECT_OBJC_ISA_USAGE = YES_ERROR;
				CLANG_WARN_DOCUMENTATION_COMMENTS = YES;
				CLANG_WARN_EMPTY_BODY = YES;
				CLANG_WARN_ENUM_CONVERSION = YES;
				CLANG_WARN_INFINITE_RECURSION = YES;
				CLANG_WARN_INT_CONVERSION = YES;
				CLANG_WARN_NON_LITERAL_NULL_CONVERSION = YES;
				CLANG_WARN_OBJC_IMPLICIT_RETAIN_SELF = YES;
				CLANG_WARN_OBJC_LITERAL_CONVERSION = YES;
				CLANG_WARN_OBJC_ROOT_CLASS = YES_ERROR;
				CLANG_WARN_RANGE_LOOP_ANALYSIS = YES;
				CLANG_WARN_STRICT_PROTOTYPES = YES;
				CLANG_WARN_SUSPICIOUS_MOVE = YES;
				CLANG_WARN_UNGUARDED_AVAILABILITY = YES_AGGRESSIVE;
				CLANG_WARN_UNREACHABLE_CODE = YES;
				CLANG_WARN__DUPLICATE_METHOD_MATCH = YES;
				CODE_SIGN_IDENTITY = "iPhone Developer";
				COPY_PHASE_STRIP = NO;
				DEBUG_INFORMATION_FORMAT = dwarf;
				ENABLE_STRICT_OBJC_MSGSEND = YES;
				ENABLE_TESTABILITY = YES;
				GCC_C_LANGUAGE_STANDARD = gnu11;
				GCC_DYNAMIC_NO_PIC = NO;
				GCC_NO_COMMON_BLOCKS = YES;
				GCC_OPTIMIZATION_LEVEL = 0;
				GCC_PREPROCESSOR_DEFINITIONS = (
					"DEBUG=1",
					"$(inherited)",
				);
				GCC_WARN_64_TO_32_BIT_CONVERSION = YES;
				GCC_WARN_ABOUT_RETURN_TYPE = YES_ERROR;
				GCC_WARN_UNDECLARED_SELECTOR = YES;
				GCC_WARN_UNINITIALIZED_AUTOS = YES_AGGRESSIVE;
				GCC_WARN_UNUSED_FUNCTION = YES;
				GCC_WARN_UNUSED_VARIABLE = YES;
				IPHONEOS_DEPLOYMENT_TARGET = 12.1;
				MTL_ENABLE_DEBUG_INFO = INCLUDE_SOURCE;
				MTL_FAST_MATH = YES;
				ONLY_ACTIVE_ARCH = YES;
				SDKROOT = iphoneos;
				SWIFT_ACTIVE_COMPILATION_CONDITIONS = DEBUG;
				SWIFT_OPTIMIZATION_LEVEL = "-Onone";
			};
			name = Debug;
		};
		C0D434DA224382130049E16E /* Release */ = {
			isa = XCBuildConfiguration;
			buildSettings = {
				ALWAYS_SEARCH_USER_PATHS = NO;
				CLANG_ANALYZER_NONNULL = YES;
				CLANG_ANALYZER_NUMBER_OBJECT_CONVERSION = YES_AGGRESSIVE;
				CLANG_CXX_LANGUAGE_STANDARD = "gnu++14";
				CLANG_CXX_LIBRARY = "libc++";
				CLANG_ENABLE_MODULES = YES;
				CLANG_ENABLE_OBJC_ARC = YES;
				CLANG_ENABLE_OBJC_WEAK = YES;
				CLANG_WARN_BLOCK_CAPTURE_AUTORELEASING = YES;
				CLANG_WARN_BOOL_CONVERSION = YES;
				CLANG_WARN_COMMA = YES;
				CLANG_WARN_CONSTANT_CONVERSION = YES;
				CLANG_WARN_DEPRECATED_OBJC_IMPLEMENTATIONS = YES;
				CLANG_WARN_DIRECT_OBJC_ISA_USAGE = YES_ERROR;
				CLANG_WARN_DOCUMENTATION_COMMENTS = YES;
				CLANG_WARN_EMPTY_BODY = YES;
				CLANG_WARN_ENUM_CONVERSION = YES;
				CLANG_WARN_INFINITE_RECURSION = YES;
				CLANG_WARN_INT_CONVERSION = YES;
				CLANG_WARN_NON_LITERAL_NULL_CONVERSION = YES;
				CLANG_WARN_OBJC_IMPLICIT_RETAIN_SELF = YES;
				CLANG_WARN_OBJC_LITERAL_CONVERSION = YES;
				CLANG_WARN_OBJC_ROOT_CLASS = YES_ERROR;
				CLANG_WARN_RANGE_LOOP_ANALYSIS = YES;
				CLANG_WARN_STRICT_PROTOTYPES = YES;
				CLANG_WARN_SUSPICIOUS_MOVE = YES;
				CLANG_WARN_UNGUARDED_AVAILABILITY = YES_AGGRESSIVE;
				CLANG_WARN_UNREACHABLE_CODE = YES;
				CLANG_WARN__DUPLICATE_METHOD_MATCH = YES;
				CODE_SIGN_IDENTITY = "iPhone Developer";
				COPY_PHASE_STRIP = NO;
				DEBUG_INFORMATION_FORMAT = "dwarf-with-dsym";
				ENABLE_NS_ASSERTIONS = NO;
				ENABLE_STRICT_OBJC_MSGSEND = YES;
				GCC_C_LANGUAGE_STANDARD = gnu11;
				GCC_NO_COMMON_BLOCKS = YES;
				GCC_WARN_64_TO_32_BIT_CONVERSION = YES;
				GCC_WARN_ABOUT_RETURN_TYPE = YES_ERROR;
				GCC_WARN_UNDECLARED_SELECTOR = YES;
				GCC_WARN_UNINITIALIZED_AUTOS = YES_AGGRESSIVE;
				GCC_WARN_UNUSED_FUNCTION = YES;
				GCC_WARN_UNUSED_VARIABLE = YES;
				IPHONEOS_DEPLOYMENT_TARGET = 12.1;
				MTL_ENABLE_DEBUG_INFO = NO;
				MTL_FAST_MATH = YES;
				SDKROOT = iphoneos;
				SWIFT_COMPILATION_MODE = wholemodule;
				SWIFT_OPTIMIZATION_LEVEL = "-O";
				VALIDATE_PRODUCT = YES;
			};
			name = Release;
		};
		C0D434DC224382130049E16E /* Debug */ = {
			isa = XCBuildConfiguration;
			baseConfigurationReference = D7FECC7A02C7088242F7BB23 /* Pods-YoutubePlayer.debug.xcconfig */;
			buildSettings = {
				ASSETCATALOG_COMPILER_APPICON_NAME = AppIcon;
				CODE_SIGN_STYLE = Automatic;
				DEVELOPMENT_TEAM = JQ599V692J;
				INFOPLIST_FILE = YoutubePlayer/Info.plist;
				LD_RUNPATH_SEARCH_PATHS = (
					"$(inherited)",
					"@executable_path/Frameworks",
				);
				PRODUCT_BUNDLE_IDENTIFIER = "atif.gcucs-gmail.com.YoutubePlayer";
				PRODUCT_NAME = "$(TARGET_NAME)";
				SWIFT_VERSION = 4.2;
				TARGETED_DEVICE_FAMILY = "1,2";
			};
			name = Debug;
		};
		C0D434DD224382130049E16E /* Release */ = {
			isa = XCBuildConfiguration;
			baseConfigurationReference = 6FBAF4C1CD9878DB4CC342D1 /* Pods-YoutubePlayer.release.xcconfig */;
			buildSettings = {
				ASSETCATALOG_COMPILER_APPICON_NAME = AppIcon;
				CODE_SIGN_STYLE = Automatic;
				DEVELOPMENT_TEAM = JQ599V692J;
				INFOPLIST_FILE = YoutubePlayer/Info.plist;
				LD_RUNPATH_SEARCH_PATHS = (
					"$(inherited)",
					"@executable_path/Frameworks",
				);
				PRODUCT_BUNDLE_IDENTIFIER = "atif.gcucs-gmail.com.YoutubePlayer";
				PRODUCT_NAME = "$(TARGET_NAME)";
				SWIFT_VERSION = 4.2;
				TARGETED_DEVICE_FAMILY = "1,2";
			};
			name = Release;
		};
/* End XCBuildConfiguration section */

/* Begin XCConfigurationList section */
		C0D434C4224382120049E16E /* Build configuration list for PBXProject "YoutubePlayer" */ = {
			isa = XCConfigurationList;
			buildConfigurations = (
				C0D434D9224382130049E16E /* Debug */,
				C0D434DA224382130049E16E /* Release */,
			);
			defaultConfigurationIsVisible = 0;
			defaultConfigurationName = Release;
		};
		C0D434DB224382130049E16E /* Build configuration list for PBXNativeTarget "YoutubePlayer" */ = {
			isa = XCConfigurationList;
			buildConfigurations = (
				C0D434DC224382130049E16E /* Debug */,
				C0D434DD224382130049E16E /* Release */,
			);
			defaultConfigurationIsVisible = 0;
			defaultConfigurationName = Release;
		};
/* End XCConfigurationList section */
	};
	rootObject = C0D434C1224382120049E16E /* Project object */;
}
